
Microsoft Visual Studio Solution File, Format Version 12.00
# Visual Studio Version 17
VisualStudioVersion = 17.4.33213.308
MinimumVisualStudioVersion = 10.0.40219.1
Project("{FAE04EC0-301F-11D3-BF4B-00C04F79EFBC}") = "With_class", "With_class\With_class.csproj", "{31235BA2-66D8-4A96-BFC2-DFDE1EA9F9C9}"
EndProject
Global
	GlobalSection(SolutionConfigurationPlatforms) = preSolution
		Debug|Any CPU = Debug|Any CPU
		Release|Any CPU = Release|Any CPU
	EndGlobalSection
	GlobalSection(ProjectConfigurationPlatforms) = postSolution
		{31235BA2-66D8-4A96-BFC2-DFDE1EA9F9C9}.Debug|Any CPU.ActiveCfg = Debug|Any CPU
		{31235BA2-66D8-4A96-BFC2-DFDE1EA9F9C9}.Debug|Any CPU.Build.0 = Debug|Any CPU
		{31235BA2-66D8-4A96-BFC2-DFDE1EA9F9C9}.Release|Any CPU.ActiveCfg = Release|Any CPU
		{31235BA2-66D8-4A96-BFC2-DFDE1EA9F9C9}.Release|Any CPU.Build.0 = Release|Any CPU
	EndGlobalSection
	GlobalSection(SolutionProperties) = preSolution
		HideSolutionNode = FALSE
	EndGlobalSection
	GlobalSection(ExtensibilityGlobals) = postSolution
		SolutionGuid = {DED1EE6D-29EF-450B-B954-0D82406135F5}
	EndGlobalSection
EndGlobal
