
Microsoft Visual Studio Solution File, Format Version 12.00
# Visual Studio Version 17
VisualStudioVersion = 17.4.33213.308
MinimumVisualStudioVersion = 10.0.40219.1
Project("{FAE04EC0-301F-11D3-BF4B-00C04F79EFBC}") = "Numberplate", "Numberplate\Numberplate.csproj", "{02D55BEA-CC10-4CC1-95FA-00FEB1FB0B8C}"
EndProject
Global
	GlobalSection(SolutionConfigurationPlatforms) = preSolution
		Debug|Any CPU = Debug|Any CPU
		Release|Any CPU = Release|Any CPU
	EndGlobalSection
	GlobalSection(ProjectConfigurationPlatforms) = postSolution
		{02D55BEA-CC10-4CC1-95FA-00FEB1FB0B8C}.Debug|Any CPU.ActiveCfg = Debug|Any CPU
		{02D55BEA-CC10-4CC1-95FA-00FEB1FB0B8C}.Debug|Any CPU.Build.0 = Debug|Any CPU
		{02D55BEA-CC10-4CC1-95FA-00FEB1FB0B8C}.Release|Any CPU.ActiveCfg = Release|Any CPU
		{02D55BEA-CC10-4CC1-95FA-00FEB1FB0B8C}.Release|Any CPU.Build.0 = Release|Any CPU
	EndGlobalSection
	GlobalSection(SolutionProperties) = preSolution
		HideSolutionNode = FALSE
	EndGlobalSection
	GlobalSection(ExtensibilityGlobals) = postSolution
		SolutionGuid = {878031DC-C260-4677-8093-5CA0B777927B}
	EndGlobalSection
EndGlobal
