
Microsoft Visual Studio Solution File, Format Version 12.00
# Visual Studio Version 17
VisualStudioVersion = 17.4.33213.308
MinimumVisualStudioVersion = 10.0.40219.1
Project("{FAE04EC0-301F-11D3-BF4B-00C04F79EFBC}") = "Consecutive_pairs", "Consecutive_pairs\Consecutive_pairs.csproj", "{1D008D34-949E-4A39-8F08-EE9AA83860F2}"
EndProject
Global
	GlobalSection(SolutionConfigurationPlatforms) = preSolution
		Debug|Any CPU = Debug|Any CPU
		Release|Any CPU = Release|Any CPU
	EndGlobalSection
	GlobalSection(ProjectConfigurationPlatforms) = postSolution
		{1D008D34-949E-4A39-8F08-EE9AA83860F2}.Debug|Any CPU.ActiveCfg = Debug|Any CPU
		{1D008D34-949E-4A39-8F08-EE9AA83860F2}.Debug|Any CPU.Build.0 = Debug|Any CPU
		{1D008D34-949E-4A39-8F08-EE9AA83860F2}.Release|Any CPU.ActiveCfg = Release|Any CPU
		{1D008D34-949E-4A39-8F08-EE9AA83860F2}.Release|Any CPU.Build.0 = Release|Any CPU
	EndGlobalSection
	GlobalSection(SolutionProperties) = preSolution
		HideSolutionNode = FALSE
	EndGlobalSection
	GlobalSection(ExtensibilityGlobals) = postSolution
		SolutionGuid = {D8A99207-0F18-446F-8A3E-8B75BDB32253}
	EndGlobalSection
EndGlobal
