
Microsoft Visual Studio Solution File, Format Version 12.00
# Visual Studio Version 17
VisualStudioVersion = 17.4.33213.308
MinimumVisualStudioVersion = 10.0.40219.1
Project("{FAE04EC0-301F-11D3-BF4B-00C04F79EFBC}") = "Operations", "Operations\Operations.csproj", "{653ECA3A-0E28-403F-8D0C-D3A329BF3784}"
EndProject
Global
	GlobalSection(SolutionConfigurationPlatforms) = preSolution
		Debug|Any CPU = Debug|Any CPU
		Release|Any CPU = Release|Any CPU
	EndGlobalSection
	GlobalSection(ProjectConfigurationPlatforms) = postSolution
		{653ECA3A-0E28-403F-8D0C-D3A329BF3784}.Debug|Any CPU.ActiveCfg = Debug|Any CPU
		{653ECA3A-0E28-403F-8D0C-D3A329BF3784}.Debug|Any CPU.Build.0 = Debug|Any CPU
		{653ECA3A-0E28-403F-8D0C-D3A329BF3784}.Release|Any CPU.ActiveCfg = Release|Any CPU
		{653ECA3A-0E28-403F-8D0C-D3A329BF3784}.Release|Any CPU.Build.0 = Release|Any CPU
	EndGlobalSection
	GlobalSection(SolutionProperties) = preSolution
		HideSolutionNode = FALSE
	EndGlobalSection
	GlobalSection(ExtensibilityGlobals) = postSolution
		SolutionGuid = {B41184C9-FD35-406E-AED6-5C58B2654A84}
	EndGlobalSection
EndGlobal
