
Microsoft Visual Studio Solution File, Format Version 12.00
# Visual Studio Version 17
VisualStudioVersion = 17.4.33213.308
MinimumVisualStudioVersion = 10.0.40219.1
Project("{FAE04EC0-301F-11D3-BF4B-00C04F79EFBC}") = "ConsoleApp11", "ConsoleApp11\ConsoleApp11.csproj", "{45F7993D-DF0A-44A7-B5CE-D9F759FE231E}"
EndProject
Global
	GlobalSection(SolutionConfigurationPlatforms) = preSolution
		Debug|Any CPU = Debug|Any CPU
		Release|Any CPU = Release|Any CPU
	EndGlobalSection
	GlobalSection(ProjectConfigurationPlatforms) = postSolution
		{45F7993D-DF0A-44A7-B5CE-D9F759FE231E}.Debug|Any CPU.ActiveCfg = Debug|Any CPU
		{45F7993D-DF0A-44A7-B5CE-D9F759FE231E}.Debug|Any CPU.Build.0 = Debug|Any CPU
		{45F7993D-DF0A-44A7-B5CE-D9F759FE231E}.Release|Any CPU.ActiveCfg = Release|Any CPU
		{45F7993D-DF0A-44A7-B5CE-D9F759FE231E}.Release|Any CPU.Build.0 = Release|Any CPU
	EndGlobalSection
	GlobalSection(SolutionProperties) = preSolution
		HideSolutionNode = FALSE
	EndGlobalSection
	GlobalSection(ExtensibilityGlobals) = postSolution
		SolutionGuid = {870CEE8B-C7E8-4C60-8A3E-9920BFED5F7B}
	EndGlobalSection
EndGlobal
