
Microsoft Visual Studio Solution File, Format Version 12.00
# Visual Studio Version 17
VisualStudioVersion = 17.4.33213.308
MinimumVisualStudioVersion = 10.0.40219.1
Project("{FAE04EC0-301F-11D3-BF4B-00C04F79EFBC}") = "Customer", "Customer\Customer.csproj", "{44E0B22B-356D-4796-890D-C765747EBFF3}"
EndProject
Global
	GlobalSection(SolutionConfigurationPlatforms) = preSolution
		Debug|Any CPU = Debug|Any CPU
		Release|Any CPU = Release|Any CPU
	EndGlobalSection
	GlobalSection(ProjectConfigurationPlatforms) = postSolution
		{44E0B22B-356D-4796-890D-C765747EBFF3}.Debug|Any CPU.ActiveCfg = Debug|Any CPU
		{44E0B22B-356D-4796-890D-C765747EBFF3}.Debug|Any CPU.Build.0 = Debug|Any CPU
		{44E0B22B-356D-4796-890D-C765747EBFF3}.Release|Any CPU.ActiveCfg = Release|Any CPU
		{44E0B22B-356D-4796-890D-C765747EBFF3}.Release|Any CPU.Build.0 = Release|Any CPU
	EndGlobalSection
	GlobalSection(SolutionProperties) = preSolution
		HideSolutionNode = FALSE
	EndGlobalSection
	GlobalSection(ExtensibilityGlobals) = postSolution
		SolutionGuid = {0E317B3D-B55B-42F9-B3B6-15AC5D9F60BF}
	EndGlobalSection
EndGlobal
