
Microsoft Visual Studio Solution File, Format Version 12.00
# Visual Studio Version 17
VisualStudioVersion = 17.4.33213.308
MinimumVisualStudioVersion = 10.0.40219.1
Project("{FAE04EC0-301F-11D3-BF4B-00C04F79EFBC}") = "ConsoleApp5", "ConsoleApp5\ConsoleApp5.csproj", "{579868DB-B7B2-4C24-9FAE-54B1797EF75E}"
EndProject
Global
	GlobalSection(SolutionConfigurationPlatforms) = preSolution
		Debug|Any CPU = Debug|Any CPU
		Release|Any CPU = Release|Any CPU
	EndGlobalSection
	GlobalSection(ProjectConfigurationPlatforms) = postSolution
		{579868DB-B7B2-4C24-9FAE-54B1797EF75E}.Debug|Any CPU.ActiveCfg = Debug|Any CPU
		{579868DB-B7B2-4C24-9FAE-54B1797EF75E}.Debug|Any CPU.Build.0 = Debug|Any CPU
		{579868DB-B7B2-4C24-9FAE-54B1797EF75E}.Release|Any CPU.ActiveCfg = Release|Any CPU
		{579868DB-B7B2-4C24-9FAE-54B1797EF75E}.Release|Any CPU.Build.0 = Release|Any CPU
	EndGlobalSection
	GlobalSection(SolutionProperties) = preSolution
		HideSolutionNode = FALSE
	EndGlobalSection
	GlobalSection(ExtensibilityGlobals) = postSolution
		SolutionGuid = {9D77F14D-1547-4A6D-99C7-7357ADA9270E}
	EndGlobalSection
EndGlobal
